// !$*UTF8*$!
{
	archiveVersion = 1;
	classes = {
	};
	objectVersion = 77;
	objects = {

/* Begin PBXBuildFile section */
		296DC9AC2E967DE5003E3E10 /* FirebaseAnalytics in Frameworks */ = {isa = PBXBuildFile; productRef = 296DC9AB2E967DE5003E3E10 /* FirebaseAnalytics */; };
		296DC9AF2E96862E003E3E10 /* FirebaseAuth in Frameworks */ = {isa = PBXBuildFile; productRef = 296DC9AE2E96862E003E3E10 /* FirebaseAuth */; };
		29964E222E97C6CC003318FA /* GoogleSignIn in Frameworks */ = {isa = PBXBuildFile; productRef = 29964E212E97C6CC003318FA /* GoogleSignIn */; };
		29964E242E97C6CC003318FA /* GoogleSignInSwift in Frameworks */ = {isa = PBXBuildFile; productRef = 29964E232E97C6CC003318FA /* GoogleSignInSwift */; };
		29D05C372EA13ED600D80079 /* FirebaseFirestore in Frameworks */ = {isa = PBXBuildFile; productRef = 29D05C362EA13ED600D80079 /* FirebaseFirestore */; };
/* End PBXBuildFile section */

/* Begin PBXContainerItemProxy section */
		296DC9862E967813003E3E10 /* PBXContainerItemProxy */ = {
			isa = PBXContainerItemProxy;
			containerPortal = 296DC96D2E967812003E3E10 /* Project object */;
			proxyType = 1;
			remoteGlobalIDString = 296DC9742E967812003E3E10;
			remoteInfo = FirebaseBootcamp;
		};
		296DC9902E967813003E3E10 /* PBXContainerItemProxy */ = {
			isa = PBXContainerItemProxy;
			containerPortal = 296DC96D2E967812003E3E10 /* Project object */;
			proxyType = 1;
			remoteGlobalIDString = 296DC9742E967812003E3E10;
			remoteInfo = FirebaseBootcamp;
		};
/* End PBXContainerItemProxy section */

/* Begin PBXFileReference section */
		296DC9752E967812003E3E10 /* FirebaseBootcamp.app */ = {isa = PBXFileReference; explicitFileType = wrapper.application; includeInIndex = 0; path = FirebaseBootcamp.app; sourceTree = BUILT_PRODUCTS_DIR; };
		296DC9852E967813003E3E10 /* FirebaseBootcampTests.xctest */ = {isa = PBXFileReference; explicitFileType = wrapper.cfbundle; includeInIndex = 0; path = FirebaseBootcampTests.xctest; sourceTree = BUILT_PRODUCTS_DIR; };
		296DC98F2E967813003E3E10 /* FirebaseBootcampUITests.xctest */ = {isa = PBXFileReference; explicitFileType = wrapper.cfbundle; includeInIndex = 0; path = FirebaseBootcampUITests.xctest; sourceTree = BUILT_PRODUCTS_DIR; };
/* End PBXFileReference section */

/* Begin PBXFileSystemSynchronizedBuildFileExceptionSet section */
		29964E262E97C7CF003318FA /* Exceptions for "FirebaseBootcamp" folder in "FirebaseBootcamp" target */ = {
			isa = PBXFileSystemSynchronizedBuildFileExceptionSet;
			membershipExceptions = (
				Info.plist,
			);
			target = 296DC9742E967812003E3E10 /* FirebaseBootcamp */;
		};
/* End PBXFileSystemSynchronizedBuildFileExceptionSet section */

/* Begin PBXFileSystemSynchronizedRootGroup section */
		296DC9772E967812003E3E10 /* FirebaseBootcamp */ = {
			isa = PBXFileSystemSynchronizedRootGroup;
			exceptions = (
				29964E262E97C7CF003318FA /* Exceptions for "FirebaseBootcamp" folder in "FirebaseBootcamp" target */,
			);
			path = FirebaseBootcamp;
			sourceTree = "<group>";
		};
		296DC9882E967813003E3E10 /* FirebaseBootcampTests */ = {
			isa = PBXFileSystemSynchronizedRootGroup;
			path = FirebaseBootcampTests;
			sourceTree = "<group>";
		};
		296DC9922E967813003E3E10 /* FirebaseBootcampUITests */ = {
			isa = PBXFileSystemSynchronizedRootGroup;
			path = FirebaseBootcampUITests;
			sourceTree = "<group>";
		};
/* End PBXFileSystemSynchronizedRootGroup section */

/* Begin PBXFrameworksBuildPhase section */
		296DC9722E967812003E3E10 /* Frameworks */ = {
			isa = PBXFrameworksBuildPhase;
			buildActionMask = 2147483647;
			files = (
				296DC9AC2E967DE5003E3E10 /* FirebaseAnalytics in Frameworks */,
				296DC9AF2E96862E003E3E10 /* FirebaseAuth in Frameworks */,
				29964E222E97C6CC003318FA /* GoogleSignIn in Frameworks */,
				29D05C372EA13ED600D80079 /* FirebaseFirestore in Frameworks */,
				29964E242E97C6CC003318FA /* GoogleSignInSwift in Frameworks */,
			);
			runOnlyForDeploymentPostprocessing = 0;
		};
		296DC9822E967813003E3E10 /* Frameworks */ = {
			isa = PBXFrameworksBuildPhase;
			buildActionMask = 2147483647;
			files = (
			);
			runOnlyForDeploymentPostprocessing = 0;
		};
		296DC98C2E967813003E3E10 /* Frameworks */ = {
			isa = PBXFrameworksBuildPhase;
			buildActionMask = 2147483647;
			files = (
			);
			runOnlyForDeploymentPostprocessing = 0;
		};
/* End PBXFrameworksBuildPhase section */

/* Begin PBXGroup section */
		296DC96C2E967812003E3E10 = {
			isa = PBXGroup;
			children = (
				296DC9772E967812003E3E10 /* FirebaseBootcamp */,
				296DC9882E967813003E3E10 /* FirebaseBootcampTests */,
				296DC9922E967813003E3E10 /* FirebaseBootcampUITests */,
				296DC9AD2E96862E003E3E10 /* Frameworks */,
				296DC9762E967812003E3E10 /* Products */,
			);
			sourceTree = "<group>";
		};
		296DC9762E967812003E3E10 /* Products */ = {
			isa = PBXGroup;
			children = (
				296DC9752E967812003E3E10 /* FirebaseBootcamp.app */,
				296DC9852E967813003E3E10 /* FirebaseBootcampTests.xctest */,
				296DC98F2E967813003E3E10 /* FirebaseBootcampUITests.xctest */,
			);
			name = Products;
			sourceTree = "<group>";
		};
		296DC9AD2E96862E003E3E10 /* Frameworks */ = {
			isa = PBXGroup;
			children = (
			);
			name = Frameworks;
			sourceTree = "<group>";
		};
/* End PBXGroup section */

/* Begin PBXNativeTarget section */
		296DC9742E967812003E3E10 /* FirebaseBootcamp */ = {
			isa = PBXNativeTarget;
			buildConfigurationList = 296DC9992E967813003E3E10 /* Build configuration list for PBXNativeTarget "FirebaseBootcamp" */;
			buildPhases = (
				296DC9712E967812003E3E10 /* Sources */,
				296DC9722E967812003E3E10 /* Frameworks */,
				296DC9732E967812003E3E10 /* Resources */,
			);
			buildRules = (
			);
			dependencies = (
			);
			fileSystemSynchronizedGroups = (
				296DC9772E967812003E3E10 /* FirebaseBootcamp */,
			);
			name = FirebaseBootcamp;
			packageProductDependencies = (
				296DC9AB2E967DE5003E3E10 /* FirebaseAnalytics */,
				296DC9AE2E96862E003E3E10 /* FirebaseAuth */,
				29964E212E97C6CC003318FA /* GoogleSignIn */,
				29964E232E97C6CC003318FA /* GoogleSignInSwift */,
				29D05C362EA13ED600D80079 /* FirebaseFirestore */,
			);
			productName = FirebaseBootcamp;
			productReference = 296DC9752E967812003E3E10 /* FirebaseBootcamp.app */;
			productType = "com.apple.product-type.application";
		};
		296DC9842E967813003E3E10 /* FirebaseBootcampTests */ = {
			isa = PBXNativeTarget;
			buildConfigurationList = 296DC99C2E967813003E3E10 /* Build configuration list for PBXNativeTarget "FirebaseBootcampTests" */;
			buildPhases = (
				296DC9812E967813003E3E10 /* Sources */,
				296DC9822E967813003E3E10 /* Frameworks */,
				296DC9832E967813003E3E10 /* Resources */,
			);
			buildRules = (
			);
			dependencies = (
				296DC9872E967813003E3E10 /* PBXTargetDependency */,
			);
			fileSystemSynchronizedGroups = (
				296DC9882E967813003E3E10 /* FirebaseBootcampTests */,
			);
			name = FirebaseBootcampTests;
			packageProductDependencies = (
			);
			productName = FirebaseBootcampTests;
			productReference = 296DC9852E967813003E3E10 /* FirebaseBootcampTests.xctest */;
			productType = "com.apple.product-type.bundle.unit-test";
		};
		296DC98E2E967813003E3E10 /* FirebaseBootcampUITests */ = {
			isa = PBXNativeTarget;
			buildConfigurationList = 296DC99F2E967813003E3E10 /* Build configuration list for PBXNativeTarget "FirebaseBootcampUITests" */;
			buildPhases = (
				296DC98B2E967813003E3E10 /* Sources */,
				296DC98C2E967813003E3E10 /* Frameworks */,
				296DC98D2E967813003E3E10 /* Resources */,
			);
			buildRules = (
			);
			dependencies = (
				296DC9912E967813003E3E10 /* PBXTargetDependency */,
			);
			fileSystemSynchronizedGroups = (
				296DC9922E967813003E3E10 /* FirebaseBootcampUITests */,
			);
			name = FirebaseBootcampUITests;
			packageProductDependencies = (
			);
			productName = FirebaseBootcampUITests;
			productReference = 296DC98F2E967813003E3E10 /* FirebaseBootcampUITests.xctest */;
			productType = "com.apple.product-type.bundle.ui-testing";
		};
/* End PBXNativeTarget section */

/* Begin PBXProject section */
		296DC96D2E967812003E3E10 /* Project object */ = {
			isa = PBXProject;
			attributes = {
				BuildIndependentTargetsInParallel = 1;
				LastSwiftUpdateCheck = 1620;
				LastUpgradeCheck = 1620;
				TargetAttributes = {
					296DC9742E967812003E3E10 = {
						CreatedOnToolsVersion = 16.2;
					};
					296DC9842E967813003E3E10 = {
						CreatedOnToolsVersion = 16.2;
						TestTargetID = 296DC9742E967812003E3E10;
					};
					296DC98E2E967813003E3E10 = {
						CreatedOnToolsVersion = 16.2;
						TestTargetID = 296DC9742E967812003E3E10;
					};
				};
			};
			buildConfigurationList = 296DC9702E967812003E3E10 /* Build configuration list for PBXProject "FirebaseBootcamp" */;
			developmentRegion = en;
			hasScannedForEncodings = 0;
			knownRegions = (
				en,
				Base,
			);
			mainGroup = 296DC96C2E967812003E3E10;
			minimizedProjectReferenceProxies = 1;
			packageReferences = (
				296DC9AA2E967DE5003E3E10 /* XCRemoteSwiftPackageReference "firebase-ios-sdk" */,
				29964E202E97C6CC003318FA /* XCRemoteSwiftPackageReference "GoogleSignIn-iOS" */,
			);
			preferredProjectObjectVersion = 77;
			productRefGroup = 296DC9762E967812003E3E10 /* Products */;
			projectDirPath = "";
			projectRoot = "";
			targets = (
				296DC9742E967812003E3E10 /* FirebaseBootcamp */,
				296DC9842E967813003E3E10 /* FirebaseBootcampTests */,
				296DC98E2E967813003E3E10 /* FirebaseBootcampUITests */,
			);
		};
/* End PBXProject section */

/* Begin PBXResourcesBuildPhase section */
		296DC9732E967812003E3E10 /* Resources */ = {
			isa = PBXResourcesBuildPhase;
			buildActionMask = 2147483647;
			files = (
			);
			runOnlyForDeploymentPostprocessing = 0;
		};
		296DC9832E967813003E3E10 /* Resources */ = {
			isa = PBXResourcesBuildPhase;
			buildActionMask = 2147483647;
			files = (
			);
			runOnlyForDeploymentPostprocessing = 0;
		};
		296DC98D2E967813003E3E10 /* Resources */ = {
			isa = PBXResourcesBuildPhase;
			buildActionMask = 2147483647;
			files = (
			);
			runOnlyForDeploymentPostprocessing = 0;
		};
/* End PBXResourcesBuildPhase section */

/* Begin PBXSourcesBuildPhase section */
		296DC9712E967812003E3E10 /* Sources */ = {
			isa = PBXSourcesBuildPhase;
			buildActionMask = 2147483647;
			files = (
			);
			runOnlyForDeploymentPostprocessing = 0;
		};
		296DC9812E967813003E3E10 /* Sources */ = {
			isa = PBXSourcesBuildPhase;
			buildActionMask = 2147483647;
			files = (
			);
			runOnlyForDeploymentPostprocessing = 0;
		};
		296DC98B2E967813003E3E10 /* Sources */ = {
			isa = PBXSourcesBuildPhase;
			buildActionMask = 2147483647;
			files = (
			);
			runOnlyForDeploymentPostprocessing = 0;
		};
/* End PBXSourcesBuildPhase section */

/* Begin PBXTargetDependency section */
		296DC9872E967813003E3E10 /* PBXTargetDependency */ = {
			isa = PBXTargetDependency;
			target = 296DC9742E967812003E3E10 /* FirebaseBootcamp */;
			targetProxy = 296DC9862E967813003E3E10 /* PBXContainerItemProxy */;
		};
		296DC9912E967813003E3E10 /* PBXTargetDependency */ = {
			isa = PBXTargetDependency;
			target = 296DC9742E967812003E3E10 /* FirebaseBootcamp */;
			targetProxy = 296DC9902E967813003E3E10 /* PBXContainerItemProxy */;
		};
/* End PBXTargetDependency section */

/* Begin XCBuildConfiguration section */
		296DC9972E967813003E3E10 /* Debug */ = {
			isa = XCBuildConfiguration;
			buildSettings = {
				ALWAYS_SEARCH_USER_PATHS = NO;
				ASSETCATALOG_COMPILER_GENERATE_SWIFT_ASSET_SYMBOL_EXTENSIONS = YES;
				CLANG_ANALYZER_NONNULL = YES;
				CLANG_ANALYZER_NUMBER_OBJECT_CONVERSION = YES_AGGRESSIVE;
				CLANG_CXX_LANGUAGE_STANDARD = "gnu++20";
				CLANG_ENABLE_MODULES = YES;
				CLANG_ENABLE_OBJC_ARC = YES;
				CLANG_ENABLE_OBJC_WEAK = YES;
				CLANG_WARN_BLOCK_CAPTURE_AUTORELEASING = YES;
				CLANG_WARN_BOOL_CONVERSION = YES;
				CLANG_WARN_COMMA = YES;
				CLANG_WARN_CONSTANT_CONVERSION = YES;
				CLANG_WARN_DEPRECATED_OBJC_IMPLEMENTATIONS = YES;
				CLANG_WARN_DIRECT_OBJC_ISA_USAGE = YES_ERROR;
				CLANG_WARN_DOCUMENTATION_COMMENTS = YES;
				CLANG_WARN_EMPTY_BODY = YES;
				CLANG_WARN_ENUM_CONVERSION = YES;
				CLANG_WARN_INFINITE_RECURSION = YES;
				CLANG_WARN_INT_CONVERSION = YES;
				CLANG_WARN_NON_LITERAL_NULL_CONVERSION = YES;
				CLANG_WARN_OBJC_IMPLICIT_RETAIN_SELF = YES;
				CLANG_WARN_OBJC_LITERAL_CONVERSION = YES;
				CLANG_WARN_OBJC_ROOT_CLASS = YES_ERROR;
				CLANG_WARN_QUOTED_INCLUDE_IN_FRAMEWORK_HEADER = YES;
				CLANG_WARN_RANGE_LOOP_ANALYSIS = YES;
				CLANG_WARN_STRICT_PROTOTYPES = YES;
				CLANG_WARN_SUSPICIOUS_MOVE = YES;
				CLANG_WARN_UNGUARDED_AVAILABILITY = YES_AGGRESSIVE;
				CLANG_WARN_UNREACHABLE_CODE = YES;
				CLANG_WARN__DUPLICATE_METHOD_MATCH = YES;
				COPY_PHASE_STRIP = NO;
				DEBUG_INFORMATION_FORMAT = dwarf;
				ENABLE_STRICT_OBJC_MSGSEND = YES;
				ENABLE_TESTABILITY = YES;
				ENABLE_USER_SCRIPT_SANDBOXING = YES;
				GCC_C_LANGUAGE_STANDARD = gnu17;
				GCC_DYNAMIC_NO_PIC = NO;
				GCC_NO_COMMON_BLOCKS = YES;
				GCC_OPTIMIZATION_LEVEL = 0;
				GCC_PREPROCESSOR_DEFINITIONS = (
					"DEBUG=1",
					"$(inherited)",
				);
				GCC_WARN_64_TO_32_BIT_CONVERSION = YES;
				GCC_WARN_ABOUT_RETURN_TYPE = YES_ERROR;
				GCC_WARN_UNDECLARED_SELECTOR = YES;
				GCC_WARN_UNINITIALIZED_AUTOS = YES_AGGRESSIVE;
				GCC_WARN_UNUSED_FUNCTION = YES;
				GCC_WARN_UNUSED_VARIABLE = YES;
				IPHONEOS_DEPLOYMENT_TARGET = 18.2;
				LOCALIZATION_PREFERS_STRING_CATALOGS = YES;
				MTL_ENABLE_DEBUG_INFO = INCLUDE_SOURCE;
				MTL_FAST_MATH = YES;
				ONLY_ACTIVE_ARCH = YES;
				SDKROOT = iphoneos;
				SWIFT_ACTIVE_COMPILATION_CONDITIONS = "DEBUG $(inherited)";
				SWIFT_OPTIMIZATION_LEVEL = "-Onone";
			};
			name = Debug;
		};
		296DC9982E967813003E3E10 /* Release */ = {
			isa = XCBuildConfiguration;
			buildSettings = {
				ALWAYS_SEARCH_USER_PATHS = NO;
				ASSETCATALOG_COMPILER_GENERATE_SWIFT_ASSET_SYMBOL_EXTENSIONS = YES;
				CLANG_ANALYZER_NONNULL = YES;
				CLANG_ANALYZER_NUMBER_OBJECT_CONVERSION = YES_AGGRESSIVE;
				CLANG_CXX_LANGUAGE_STANDARD = "gnu++20";
				CLANG_ENABLE_MODULES = YES;
				CLANG_ENABLE_OBJC_ARC = YES;
				CLANG_ENABLE_OBJC_WEAK = YES;
				CLANG_WARN_BLOCK_CAPTURE_AUTORELEASING = YES;
				CLANG_WARN_BOOL_CONVERSION = YES;
				CLANG_WARN_COMMA = YES;
				CLANG_WARN_CONSTANT_CONVERSION = YES;
				CLANG_WARN_DEPRECATED_OBJC_IMPLEMENTATIONS = YES;
				CLANG_WARN_DIRECT_OBJC_ISA_USAGE = YES_ERROR;
				CLANG_WARN_DOCUMENTATION_COMMENTS = YES;
				CLANG_WARN_EMPTY_BODY = YES;
				CLANG_WARN_ENUM_CONVERSION = YES;
				CLANG_WARN_INFINITE_RECURSION = YES;
				CLANG_WARN_INT_CONVERSION = YES;
				CLANG_WARN_NON_LITERAL_NULL_CONVERSION = YES;
				CLANG_WARN_OBJC_IMPLICIT_RETAIN_SELF = YES;
				CLANG_WARN_OBJC_LITERAL_CONVERSION = YES;
				CLANG_WARN_OBJC_ROOT_CLASS = YES_ERROR;
				CLANG_WARN_QUOTED_INCLUDE_IN_FRAMEWORK_HEADER = YES;
				CLANG_WARN_RANGE_LOOP_ANALYSIS = YES;
				CLANG_WARN_STRICT_PROTOTYPES = YES;
				CLANG_WARN_SUSPICIOUS_MOVE = YES;
				CLANG_WARN_UNGUARDED_AVAILABILITY = YES_AGGRESSIVE;
				CLANG_WARN_UNREACHABLE_CODE = YES;
				CLANG_WARN__DUPLICATE_METHOD_MATCH = YES;
				COPY_PHASE_STRIP = NO;
				DEBUG_INFORMATION_FORMAT = "dwarf-with-dsym";
				ENABLE_NS_ASSERTIONS = NO;
				ENABLE_STRICT_OBJC_MSGSEND = YES;
				ENABLE_USER_SCRIPT_SANDBOXING = YES;
				GCC_C_LANGUAGE_STANDARD = gnu17;
				GCC_NO_COMMON_BLOCKS = YES;
				GCC_WARN_64_TO_32_BIT_CONVERSION = YES;
				GCC_WARN_ABOUT_RETURN_TYPE = YES_ERROR;
				GCC_WARN_UNDECLARED_SELECTOR = YES;
				GCC_WARN_UNINITIALIZED_AUTOS = YES_AGGRESSIVE;
				GCC_WARN_UNUSED_FUNCTION = YES;
				GCC_WARN_UNUSED_VARIABLE = YES;
				IPHONEOS_DEPLOYMENT_TARGET = 18.2;
				LOCALIZATION_PREFERS_STRING_CATALOGS = YES;
				MTL_ENABLE_DEBUG_INFO = NO;
				MTL_FAST_MATH = YES;
				SDKROOT = iphoneos;
				SWIFT_COMPILATION_MODE = wholemodule;
				VALIDATE_PRODUCT = YES;
			};
			name = Release;
		};
		296DC99A2E967813003E3E10 /* Debug */ = {
			isa = XCBuildConfiguration;
			buildSettings = {
				ASSETCATALOG_COMPILER_APPICON_NAME = AppIcon;
				ASSETCATALOG_COMPILER_GLOBAL_ACCENT_COLOR_NAME = AccentColor;
				CODE_SIGN_STYLE = Automatic;
				CURRENT_PROJECT_VERSION = 1;
				DEVELOPMENT_ASSET_PATHS = "\"FirebaseBootcamp/Preview Content\"";
				DEVELOPMENT_TEAM = Z6Q4UMN2XP;
				ENABLE_PREVIEWS = YES;
				GENERATE_INFOPLIST_FILE = YES;
				INFOPLIST_FILE = FirebaseBootcamp/Info.plist;
				INFOPLIST_KEY_UIApplicationSceneManifest_Generation = YES;
				INFOPLIST_KEY_UIApplicationSupportsIndirectInputEvents = YES;
				INFOPLIST_KEY_UILaunchScreen_Generation = YES;
				INFOPLIST_KEY_UISupportedInterfaceOrientations_iPad = "UIInterfaceOrientationPortrait UIInterfaceOrientationPortraitUpsideDown UIInterfaceOrientationLandscapeLeft UIInterfaceOrientationLandscapeRight";
				INFOPLIST_KEY_UISupportedInterfaceOrientations_iPhone = "UIInterfaceOrientationPortrait UIInterfaceOrientationLandscapeLeft UIInterfaceOrientationLandscapeRight";
				LD_RUNPATH_SEARCH_PATHS = (
					"$(inherited)",
					"@executable_path/Frameworks",
				);
				MARKETING_VERSION = 1.0;
				PRODUCT_BUNDLE_IDENTIFIER = com.alenakellnerova.FirebaseBootcamp;
				PRODUCT_NAME = "$(TARGET_NAME)";
				SWIFT_EMIT_LOC_STRINGS = YES;
				SWIFT_VERSION = 5.0;
				TARGETED_DEVICE_FAMILY = "1,2";
			};
			name = Debug;
		};
		296DC99B2E967813003E3E10 /* Release */ = {
			isa = XCBuildConfiguration;
			buildSettings = {
				ASSETCATALOG_COMPILER_APPICON_NAME = AppIcon;
				ASSETCATALOG_COMPILER_GLOBAL_ACCENT_COLOR_NAME = AccentColor;
				CODE_SIGN_STYLE = Automatic;
				CURRENT_PROJECT_VERSION = 1;
				DEVELOPMENT_ASSET_PATHS = "\"FirebaseBootcamp/Preview Content\"";
				DEVELOPMENT_TEAM = Z6Q4UMN2XP;
				ENABLE_PREVIEWS = YES;
				GENERATE_INFOPLIST_FILE = YES;
				INFOPLIST_FILE = FirebaseBootcamp/Info.plist;
				INFOPLIST_KEY_UIApplicationSceneManifest_Generation = YES;
				INFOPLIST_KEY_UIApplicationSupportsIndirectInputEvents = YES;
				INFOPLIST_KEY_UILaunchScreen_Generation = YES;
				INFOPLIST_KEY_UISupportedInterfaceOrientations_iPad = "UIInterfaceOrientationPortrait UIInterfaceOrientationPortraitUpsideDown UIInterfaceOrientationLandscapeLeft UIInterfaceOrientationLandscapeRight";
				INFOPLIST_KEY_UISupportedInterfaceOrientations_iPhone = "UIInterfaceOrientationPortrait UIInterfaceOrientationLandscapeLeft UIInterfaceOrientationLandscapeRight";
				LD_RUNPATH_SEARCH_PATHS = (
					"$(inherited)",
					"@executable_path/Frameworks",
				);
				MARKETING_VERSION = 1.0;
				PRODUCT_BUNDLE_IDENTIFIER = com.alenakellnerova.FirebaseBootcamp;
				PRODUCT_NAME = "$(TARGET_NAME)";
				SWIFT_EMIT_LOC_STRINGS = YES;
				SWIFT_VERSION = 5.0;
				TARGETED_DEVICE_FAMILY = "1,2";
			};
			name = Release;
		};
		296DC99D2E967813003E3E10 /* Debug */ = {
			isa = XCBuildConfiguration;
			buildSettings = {
				BUNDLE_LOADER = "$(TEST_HOST)";
				CODE_SIGN_STYLE = Automatic;
				CURRENT_PROJECT_VERSION = 1;
				DEVELOPMENT_TEAM = Z6Q4UMN2XP;
				GENERATE_INFOPLIST_FILE = YES;
				IPHONEOS_DEPLOYMENT_TARGET = 18.2;
				MARKETING_VERSION = 1.0;
				PRODUCT_BUNDLE_IDENTIFIER = com.alenakellnerova.FirebaseBootcampTests;
				PRODUCT_NAME = "$(TARGET_NAME)";
				SWIFT_EMIT_LOC_STRINGS = NO;
				SWIFT_VERSION = 5.0;
				TARGETED_DEVICE_FAMILY = "1,2";
				TEST_HOST = "$(BUILT_PRODUCTS_DIR)/FirebaseBootcamp.app/$(BUNDLE_EXECUTABLE_FOLDER_PATH)/FirebaseBootcamp";
			};
			name = Debug;
		};
		296DC99E2E967813003E3E10 /* Release */ = {
			isa = XCBuildConfiguration;
			buildSettings = {
				BUNDLE_LOADER = "$(TEST_HOST)";
				CODE_SIGN_STYLE = Automatic;
				CURRENT_PROJECT_VERSION = 1;
				DEVELOPMENT_TEAM = Z6Q4UMN2XP;
				GENERATE_INFOPLIST_FILE = YES;
				IPHONEOS_DEPLOYMENT_TARGET = 18.2;
				MARKETING_VERSION = 1.0;
				PRODUCT_BUNDLE_IDENTIFIER = com.alenakellnerova.FirebaseBootcampTests;
				PRODUCT_NAME = "$(TARGET_NAME)";
				SWIFT_EMIT_LOC_STRINGS = NO;
				SWIFT_VERSION = 5.0;
				TARGETED_DEVICE_FAMILY = "1,2";
				TEST_HOST = "$(BUILT_PRODUCTS_DIR)/FirebaseBootcamp.app/$(BUNDLE_EXECUTABLE_FOLDER_PATH)/FirebaseBootcamp";
			};
			name = Release;
		};
		296DC9A02E967813003E3E10 /* Debug */ = {
			isa = XCBuildConfiguration;
			buildSettings = {
				CODE_SIGN_STYLE = Automatic;
				CURRENT_PROJECT_VERSION = 1;
				DEVELOPMENT_TEAM = Z6Q4UMN2XP;
				GENERATE_INFOPLIST_FILE = YES;
				MARKETING_VERSION = 1.0;
				PRODUCT_BUNDLE_IDENTIFIER = com.alenakellnerova.FirebaseBootcampUITests;
				PRODUCT_NAME = "$(TARGET_NAME)";
				SWIFT_EMIT_LOC_STRINGS = NO;
				SWIFT_VERSION = 5.0;
				TARGETED_DEVICE_FAMILY = "1,2";
				TEST_TARGET_NAME = FirebaseBootcamp;
			};
			name = Debug;
		};
		296DC9A12E967813003E3E10 /* Release */ = {
			isa = XCBuildConfiguration;
			buildSettings = {
				CODE_SIGN_STYLE = Automatic;
				CURRENT_PROJECT_VERSION = 1;
				DEVELOPMENT_TEAM = Z6Q4UMN2XP;
				GENERATE_INFOPLIST_FILE = YES;
				MARKETING_VERSION = 1.0;
				PRODUCT_BUNDLE_IDENTIFIER = com.alenakellnerova.FirebaseBootcampUITests;
				PRODUCT_NAME = "$(TARGET_NAME)";
				SWIFT_EMIT_LOC_STRINGS = NO;
				SWIFT_VERSION = 5.0;
				TARGETED_DEVICE_FAMILY = "1,2";
				TEST_TARGET_NAME = FirebaseBootcamp;
			};
			name = Release;
		};
/* End XCBuildConfiguration section */

/* Begin XCConfigurationList section */
		296DC9702E967812003E3E10 /* Build configuration list for PBXProject "FirebaseBootcamp" */ = {
			isa = XCConfigurationList;
			buildConfigurations = (
				296DC9972E967813003E3E10 /* Debug */,
				296DC9982E967813003E3E10 /* Release */,
			);
			defaultConfigurationIsVisible = 0;
			defaultConfigurationName = Release;
		};
		296DC9992E967813003E3E10 /* Build configuration list for PBXNativeTarget "FirebaseBootcamp" */ = {
			isa = XCConfigurationList;
			buildConfigurations = (
				296DC99A2E967813003E3E10 /* Debug */,
				296DC99B2E967813003E3E10 /* Release */,
			);
			defaultConfigurationIsVisible = 0;
			defaultConfigurationName = Release;
		};
		296DC99C2E967813003E3E10 /* Build configuration list for PBXNativeTarget "FirebaseBootcampTests" */ = {
			isa = XCConfigurationList;
			buildConfigurations = (
				296DC99D2E967813003E3E10 /* Debug */,
				296DC99E2E967813003E3E10 /* Release */,
			);
			defaultConfigurationIsVisible = 0;
			defaultConfigurationName = Release;
		};
		296DC99F2E967813003E3E10 /* Build configuration list for PBXNativeTarget "FirebaseBootcampUITests" */ = {
			isa = XCConfigurationList;
			buildConfigurations = (
				296DC9A02E967813003E3E10 /* Debug */,
				296DC9A12E967813003E3E10 /* Release */,
			);
			defaultConfigurationIsVisible = 0;
			defaultConfigurationName = Release;
		};
/* End XCConfigurationList section */

/* Begin XCRemoteSwiftPackageReference section */
		296DC9AA2E967DE5003E3E10 /* XCRemoteSwiftPackageReference "firebase-ios-sdk" */ = {
			isa = XCRemoteSwiftPackageReference;
			repositoryURL = "https://github.com/firebase/firebase-ios-sdk";
			requirement = {
				kind = upToNextMajorVersion;
				minimumVersion = 12.4.0;
			};
		};
		29964E202E97C6CC003318FA /* XCRemoteSwiftPackageReference "GoogleSignIn-iOS" */ = {
			isa = XCRemoteSwiftPackageReference;
			repositoryURL = "https://github.com/google/GoogleSignIn-iOS";
			requirement = {
				kind = upToNextMajorVersion;
				minimumVersion = 9.0.0;
			};
		};
/* End XCRemoteSwiftPackageReference section */

/* Begin XCSwiftPackageProductDependency section */
		296DC9AB2E967DE5003E3E10 /* FirebaseAnalytics */ = {
			isa = XCSwiftPackageProductDependency;
			package = 296DC9AA2E967DE5003E3E10 /* XCRemoteSwiftPackageReference "firebase-ios-sdk" */;
			productName = FirebaseAnalytics;
		};
		296DC9AE2E96862E003E3E10 /* FirebaseAuth */ = {
			isa = XCSwiftPackageProductDependency;
			package = 296DC9AA2E967DE5003E3E10 /* XCRemoteSwiftPackageReference "firebase-ios-sdk" */;
			productName = FirebaseAuth;
		};
		29964E212E97C6CC003318FA /* GoogleSignIn */ = {
			isa = XCSwiftPackageProductDependency;
			package = 29964E202E97C6CC003318FA /* XCRemoteSwiftPackageReference "GoogleSignIn-iOS" */;
			productName = GoogleSignIn;
		};
		29964E232E97C6CC003318FA /* GoogleSignInSwift */ = {
			isa = XCSwiftPackageProductDependency;
			package = 29964E202E97C6CC003318FA /* XCRemoteSwiftPackageReference "GoogleSignIn-iOS" */;
			productName = GoogleSignInSwift;
		};
		29D05C362EA13ED600D80079 /* FirebaseFirestore */ = {
			isa = XCSwiftPackageProductDependency;
			package = 296DC9AA2E967DE5003E3E10 /* XCRemoteSwiftPackageReference "firebase-ios-sdk" */;
			productName = FirebaseFirestore;
		};
/* End XCSwiftPackageProductDependency section */
	};
	rootObject = 296DC96D2E967812003E3E10 /* Project object */;
}
